
Microsoft Visual Studio Solution File, Format Version 12.00
# Visual Studio Version 17
VisualStudioVersion = 17.4.33213.308
MinimumVisualStudioVersion = 10.0.40219.1
Project("{FAE04EC0-301F-11D3-BF4B-00C04F79EFBC}") = "myProject", "myProject\myProject.csproj", "{D8C5E4D5-9D80-4A55-A142-8F40C4D816DA}"
EndProject
Global
	GlobalSection(SolutionConfigurationPlatforms) = preSolution
		Debug|Any CPU = Debug|Any CPU
		Release|Any CPU = Release|Any CPU
	EndGlobalSection
	GlobalSection(ProjectConfigurationPlatforms) = postSolution
		{D8C5E4D5-9D80-4A55-A142-8F40C4D816DA}.Debug|Any CPU.ActiveCfg = Debug|Any CPU
		{D8C5E4D5-9D80-4A55-A142-8F40C4D816DA}.Debug|Any CPU.Build.0 = Debug|Any CPU
		{D8C5E4D5-9D80-4A55-A142-8F40C4D816DA}.Release|Any CPU.ActiveCfg = Release|Any CPU
		{D8C5E4D5-9D80-4A55-A142-8F40C4D816DA}.Release|Any CPU.Build.0 = Release|Any CPU
	EndGlobalSection
	GlobalSection(SolutionProperties) = preSolution
		HideSolutionNode = FALSE
	EndGlobalSection
	GlobalSection(ExtensibilityGlobals) = postSolution
		SolutionGuid = {C4BEE9BC-D895-483D-AA2C-C05B9726D0A6}
	EndGlobalSection
EndGlobal
